
Microsoft Visual Studio Solution File, Format Version 12.00
# Visual Studio Version 17
VisualStudioVersion = 17.7.34202.233
MinimumVisualStudioVersion = 10.0.40219.1
Project("{9A19103F-16F7-4668-BE54-9A1E7A4F7556}") = "BlazorWarehouse", "BlazorWarehouse\BlazorWarehouse.csproj", "{A2AC08BC-5E2A-4CD0-95D4-4DB1560A3BC0}"
EndProject
Project("{9A19103F-16F7-4668-BE54-9A1E7A4F7556}") = "WarehouseWebAPI", "WarehouseWebAPI\WarehouseWebAPI.csproj", "{F4449CD9-4779-4386-A3E2-DFFE8FBA5842}"
EndProject
Project("{9A19103F-16F7-4668-BE54-9A1E7A4F7556}") = "WarehouseModels", "WarehouseModels\WarehouseModels.csproj", "{B616B0FD-4222-4D4E-8D92-D22E1E87ADDC}"
EndProject
Project("{9A19103F-16F7-4668-BE54-9A1E7A4F7556}") = "WarehouseClassLibraryMVC", "WarehouseClassLibraryMVC\WarehouseClassLibraryMVC.csproj", "{2F719028-C797-4B97-80F2-C808A5415528}"
EndProject
Global
	GlobalSection(SolutionConfigurationPlatforms) = preSolution
		Debug|Any CPU = Debug|Any CPU
		Release|Any CPU = Release|Any CPU
	EndGlobalSection
	GlobalSection(ProjectConfigurationPlatforms) = postSolution
		{A2AC08BC-5E2A-4CD0-95D4-4DB1560A3BC0}.Debug|Any CPU.ActiveCfg = Debug|Any CPU
		{A2AC08BC-5E2A-4CD0-95D4-4DB1560A3BC0}.Debug|Any CPU.Build.0 = Debug|Any CPU
		{A2AC08BC-5E2A-4CD0-95D4-4DB1560A3BC0}.Release|Any CPU.ActiveCfg = Release|Any CPU
		{A2AC08BC-5E2A-4CD0-95D4-4DB1560A3BC0}.Release|Any CPU.Build.0 = Release|Any CPU
		{F4449CD9-4779-4386-A3E2-DFFE8FBA5842}.Debug|Any CPU.ActiveCfg = Debug|Any CPU
		{F4449CD9-4779-4386-A3E2-DFFE8FBA5842}.Debug|Any CPU.Build.0 = Debug|Any CPU
		{F4449CD9-4779-4386-A3E2-DFFE8FBA5842}.Release|Any CPU.ActiveCfg = Release|Any CPU
		{F4449CD9-4779-4386-A3E2-DFFE8FBA5842}.Release|Any CPU.Build.0 = Release|Any CPU
		{B616B0FD-4222-4D4E-8D92-D22E1E87ADDC}.Debug|Any CPU.ActiveCfg = Debug|Any CPU
		{B616B0FD-4222-4D4E-8D92-D22E1E87ADDC}.Debug|Any CPU.Build.0 = Debug|Any CPU
		{B616B0FD-4222-4D4E-8D92-D22E1E87ADDC}.Release|Any CPU.ActiveCfg = Release|Any CPU
		{B616B0FD-4222-4D4E-8D92-D22E1E87ADDC}.Release|Any CPU.Build.0 = Release|Any CPU
		{2F719028-C797-4B97-80F2-C808A5415528}.Debug|Any CPU.ActiveCfg = Debug|Any CPU
		{2F719028-C797-4B97-80F2-C808A5415528}.Debug|Any CPU.Build.0 = Debug|Any CPU
		{2F719028-C797-4B97-80F2-C808A5415528}.Release|Any CPU.ActiveCfg = Release|Any CPU
		{2F719028-C797-4B97-80F2-C808A5415528}.Release|Any CPU.Build.0 = Release|Any CPU
	EndGlobalSection
	GlobalSection(SolutionProperties) = preSolution
		HideSolutionNode = FALSE
	EndGlobalSection
	GlobalSection(ExtensibilityGlobals) = postSolution
		SolutionGuid = {0BEEAF9C-8593-4135-B444-1977AB74E050}
	EndGlobalSection
EndGlobal
